
Microsoft Visual Studio Solution File, Format Version 12.00
# Visual Studio Version 17
VisualStudioVersion = 17.5.33530.505
MinimumVisualStudioVersion = 10.0.40219.1
Project("{FAE04EC0-301F-11D3-BF4B-00C04F79EFBC}") = "WSLogisticaEmpresa", "WSLogisticaEmpresa\WSLogisticaEmpresa.csproj", "{D7EA5FB6-661C-4A96-BB18-886E6E00E691}"
EndProject
Project("{FAE04EC0-301F-11D3-BF4B-00C04F79EFBC}") = "TestProjectLogistica", "TestProjectLogistica\TestProjectLogistica.csproj", "{7946F87B-39DA-4941-9079-2007745FAFE3}"
EndProject
Global
	GlobalSection(SolutionConfigurationPlatforms) = preSolution
		Debug|Any CPU = Debug|Any CPU
		Release|Any CPU = Release|Any CPU
	EndGlobalSection
	GlobalSection(ProjectConfigurationPlatforms) = postSolution
		{D7EA5FB6-661C-4A96-BB18-886E6E00E691}.Debug|Any CPU.ActiveCfg = Debug|Any CPU
		{D7EA5FB6-661C-4A96-BB18-886E6E00E691}.Debug|Any CPU.Build.0 = Debug|Any CPU
		{D7EA5FB6-661C-4A96-BB18-886E6E00E691}.Release|Any CPU.ActiveCfg = Release|Any CPU
		{D7EA5FB6-661C-4A96-BB18-886E6E00E691}.Release|Any CPU.Build.0 = Release|Any CPU
		{7946F87B-39DA-4941-9079-2007745FAFE3}.Debug|Any CPU.ActiveCfg = Debug|Any CPU
		{7946F87B-39DA-4941-9079-2007745FAFE3}.Debug|Any CPU.Build.0 = Debug|Any CPU
		{7946F87B-39DA-4941-9079-2007745FAFE3}.Release|Any CPU.ActiveCfg = Release|Any CPU
		{7946F87B-39DA-4941-9079-2007745FAFE3}.Release|Any CPU.Build.0 = Release|Any CPU
	EndGlobalSection
	GlobalSection(SolutionProperties) = preSolution
		HideSolutionNode = FALSE
	EndGlobalSection
	GlobalSection(ExtensibilityGlobals) = postSolution
		SolutionGuid = {ABC94194-8E7A-4DB3-AD7F-4346C73F881F}
	EndGlobalSection
EndGlobal
